// !$*UTF8*$!
{
	archiveVersion = 1;
	classes = {
	};
	objectVersion = 46;
	objects = {

/* Begin PBXBuildFile section */
		685B7907C2E3412758B392F0 /* Pods.framework in Frameworks */ = {isa = PBXBuildFile; fileRef = 323DDD3B9C7BC3415FD54B0C /* Pods.framework */; };
		CCF170D11CD18FBB006AE9B5 /* AppDelegate.swift in Sources */ = {isa = PBXBuildFile; fileRef = CCF170D01CD18FBB006AE9B5 /* AppDelegate.swift */; };
		CCF170D31CD18FBB006AE9B5 /* ViewController.swift in Sources */ = {isa = PBXBuildFile; fileRef = CCF170D21CD18FBB006AE9B5 /* ViewController.swift */; };
		CCF170D81CD18FBB006AE9B5 /* Assets.xcassets in Resources */ = {isa = PBXBuildFile; fileRef = CCF170D71CD18FBB006AE9B5 /* Assets.xcassets */; };
		CCF170DB1CD18FBB006AE9B5 /* LaunchScreen.storyboard in Resources */ = {isa = PBXBuildFile; fileRef = CCF170D91CD18FBB006AE9B5 /* LaunchScreen.storyboard */; };
/* End PBXBuildFile section */

/* Begin PBXFileReference section */
		323DDD3B9C7BC3415FD54B0C /* Pods.framework */ = {isa = PBXFileReference; explicitFileType = wrapper.framework; includeInIndex = 0; path = Pods.framework; sourceTree = BUILT_PRODUCTS_DIR; };
		3B23EFCF586C6F6273752BDF /* Pods.debug.xcconfig */ = {isa = PBXFileReference; includeInIndex = 1; lastKnownFileType = text.xcconfig; name = Pods.debug.xcconfig; path = "Pods/Target Support Files/Pods/Pods.debug.xcconfig"; sourceTree = "<group>"; };
		6D1C60BACE2DDC080981EB21 /* Pods.release.xcconfig */ = {isa = PBXFileReference; includeInIndex = 1; lastKnownFileType = text.xcconfig; name = Pods.release.xcconfig; path = "Pods/Target Support Files/Pods/Pods.release.xcconfig"; sourceTree = "<group>"; };
		CCF170CD1CD18FBB006AE9B5 /* ASDKBaselineIssueDemo.app */ = {isa = PBXFileReference; explicitFileType = wrapper.application; includeInIndex = 0; path = ASDKBaselineIssueDemo.app; sourceTree = BUILT_PRODUCTS_DIR; };
		CCF170D01CD18FBB006AE9B5 /* AppDelegate.swift */ = {isa = PBXFileReference; lastKnownFileType = sourcecode.swift; path = AppDelegate.swift; sourceTree = "<group>"; };
		CCF170D21CD18FBB006AE9B5 /* ViewController.swift */ = {isa = PBXFileReference; lastKnownFileType = sourcecode.swift; path = ViewController.swift; sourceTree = "<group>"; };
		CCF170D71CD18FBB006AE9B5 /* Assets.xcassets */ = {isa = PBXFileReference; lastKnownFileType = folder.assetcatalog; path = Assets.xcassets; sourceTree = "<group>"; };
		CCF170DA1CD18FBB006AE9B5 /* Base */ = {isa = PBXFileReference; lastKnownFileType = file.storyboard; name = Base; path = Base.lproj/LaunchScreen.storyboard; sourceTree = "<group>"; };
		CCF170DC1CD18FBB006AE9B5 /* Info.plist */ = {isa = PBXFileReference; lastKnownFileType = text.plist.xml; path = Info.plist; sourceTree = "<group>"; };
/* End PBXFileReference section */

/* Begin PBXFrameworksBuildPhase section */
		CCF170CA1CD18FBB006AE9B5 /* Frameworks */ = {
			isa = PBXFrameworksBuildPhase;
			buildActionMask = 2147483647;
			files = (
				685B7907C2E3412758B392F0 /* Pods.framework in Frameworks */,
			);
			runOnlyForDeploymentPostprocessing = 0;
		};
/* End PBXFrameworksBuildPhase section */

/* Begin PBXGroup section */
		34B56C6C868AC42F78DBE0E6 /* Pods */ = {
			isa = PBXGroup;
			children = (
				3B23EFCF586C6F6273752BDF /* Pods.debug.xcconfig */,
				6D1C60BACE2DDC080981EB21 /* Pods.release.xcconfig */,
			);
			name = Pods;
			sourceTree = "<group>";
		};
		46990CBF8D035E9E47FE2B12 /* Frameworks */ = {
			isa = PBXGroup;
			children = (
				323DDD3B9C7BC3415FD54B0C /* Pods.framework */,
			);
			name = Frameworks;
			sourceTree = "<group>";
		};
		CCF170C41CD18FBB006AE9B5 = {
			isa = PBXGroup;
			children = (
				CCF170CF1CD18FBB006AE9B5 /* ASDKBaselineIssueDemo */,
				CCF170CE1CD18FBB006AE9B5 /* Products */,
				34B56C6C868AC42F78DBE0E6 /* Pods */,
				46990CBF8D035E9E47FE2B12 /* Frameworks */,
			);
			sourceTree = "<group>";
		};
		CCF170CE1CD18FBB006AE9B5 /* Products */ = {
			isa = PBXGroup;
			children = (
				CCF170CD1CD18FBB006AE9B5 /* ASDKBaselineIssueDemo.app */,
			);
			name = Products;
			sourceTree = "<group>";
		};
		CCF170CF1CD18FBB006AE9B5 /* ASDKBaselineIssueDemo */ = {
			isa = PBXGroup;
			children = (
				CCF170D01CD18FBB006AE9B5 /* AppDelegate.swift */,
				CCF170D21CD18FBB006AE9B5 /* ViewController.swift */,
				CCF170D71CD18FBB006AE9B5 /* Assets.xcassets */,
				CCF170D91CD18FBB006AE9B5 /* LaunchScreen.storyboard */,
				CCF170DC1CD18FBB006AE9B5 /* Info.plist */,
			);
			path = ASDKBaselineIssueDemo;
			sourceTree = "<group>";
		};
/* End PBXGroup section */

/* Begin PBXNativeTarget section */
		CCF170CC1CD18FBB006AE9B5 /* ASDKBaselineIssueDemo */ = {
			isa = PBXNativeTarget;
			buildConfigurationList = CCF170DF1CD18FBB006AE9B5 /* Build configuration list for PBXNativeTarget "ASDKBaselineIssueDemo" */;
			buildPhases = (
				DC3CA0441BFFD4E9AE5E8402 /* Check Pods Manifest.lock */,
				CCF170C91CD18FBB006AE9B5 /* Sources */,
				CCF170CA1CD18FBB006AE9B5 /* Frameworks */,
				CCF170CB1CD18FBB006AE9B5 /* Resources */,
				3B903B86165A46D1D42C676F /* Embed Pods Frameworks */,
				E62D3E6062D61699D830E4F3 /* Copy Pods Resources */,
			);
			buildRules = (
			);
			dependencies = (
			);
			name = ASDKBaselineIssueDemo;
			productName = ASDKBaselineIssueDemo;
			productReference = CCF170CD1CD18FBB006AE9B5 /* ASDKBaselineIssueDemo.app */;
			productType = "com.apple.product-type.application";
		};
/* End PBXNativeTarget section */

/* Begin PBXProject section */
		CCF170C51CD18FBB006AE9B5 /* Project object */ = {
			isa = PBXProject;
			attributes = {
				LastSwiftUpdateCheck = 0720;
				LastUpgradeCheck = 0720;
				ORGANIZATIONNAME = "Adlai Holler";
				TargetAttributes = {
					CCF170CC1CD18FBB006AE9B5 = {
						CreatedOnToolsVersion = 7.2.1;
					};
				};
			};
			buildConfigurationList = CCF170C81CD18FBB006AE9B5 /* Build configuration list for PBXProject "ASDKBaselineIssueDemo" */;
			compatibilityVersion = "Xcode 3.2";
			developmentRegion = English;
			hasScannedForEncodings = 0;
			knownRegions = (
				en,
				Base,
			);
			mainGroup = CCF170C41CD18FBB006AE9B5;
			productRefGroup = CCF170CE1CD18FBB006AE9B5 /* Products */;
			projectDirPath = "";
			projectRoot = "";
			targets = (
				CCF170CC1CD18FBB006AE9B5 /* ASDKBaselineIssueDemo */,
			);
		};
/* End PBXProject section */

/* Begin PBXResourcesBuildPhase section */
		CCF170CB1CD18FBB006AE9B5 /* Resources */ = {
			isa = PBXResourcesBuildPhase;
			buildActionMask = 2147483647;
			files = (
				CCF170DB1CD18FBB006AE9B5 /* LaunchScreen.storyboard in Resources */,
				CCF170D81CD18FBB006AE9B5 /* Assets.xcassets in Resources */,
			);
			runOnlyForDeploymentPostprocessing = 0;
		};
/* End PBXResourcesBuildPhase section */

/* Begin PBXShellScriptBuildPhase section */
		3B903B86165A46D1D42C676F /* Embed Pods Frameworks */ = {
			isa = PBXShellScriptBuildPhase;
			buildActionMask = 2147483647;
			files = (
			);
			inputPaths = (
			);
			name = "Embed Pods Frameworks";
			outputPaths = (
			);
			runOnlyForDeploymentPostprocessing = 0;
			shellPath = /bin/sh;
			shellScript = "\"${SRCROOT}/Pods/Target Support Files/Pods/Pods-frameworks.sh\"\n";
			showEnvVarsInLog = 0;
		};
		DC3CA0441BFFD4E9AE5E8402 /* Check Pods Manifest.lock */ = {
			isa = PBXShellScriptBuildPhase;
			buildActionMask = 2147483647;
			files = (
			);
			inputPaths = (
			);
			name = "Check Pods Manifest.lock";
			outputPaths = (
			);
			runOnlyForDeploymentPostprocessing = 0;
			shellPath = /bin/sh;
			shellScript = "diff \"${PODS_ROOT}/../Podfile.lock\" \"${PODS_ROOT}/Manifest.lock\" > /dev/null\nif [[ $? != 0 ]] ; then\n    cat << EOM\nerror: The sandbox is not in sync with the Podfile.lock. Run 'pod install' or update your CocoaPods installation.\nEOM\n    exit 1\nfi\n";
			showEnvVarsInLog = 0;
		};
		E62D3E6062D61699D830E4F3 /* Copy Pods Resources */ = {
			isa = PBXShellScriptBuildPhase;
			buildActionMask = 2147483647;
			files = (
			);
			inputPaths = (
			);
			name = "Copy Pods Resources";
			outputPaths = (
			);
			runOnlyForDeploymentPostprocessing = 0;
			shellPath = /bin/sh;
			shellScript = "\"${SRCROOT}/Pods/Target Support Files/Pods/Pods-resources.sh\"\n";
			showEnvVarsInLog = 0;
		};
/* End PBXShellScriptBuildPhase section */

/* Begin PBXSourcesBuildPhase section */
		CCF170C91CD18FBB006AE9B5 /* Sources */ = {
			isa = PBXSourcesBuildPhase;
			buildActionMask = 2147483647;
			files = (
				CCF170D31CD18FBB006AE9B5 /* ViewController.swift in Sources */,
				CCF170D11CD18FBB006AE9B5 /* AppDelegate.swift in Sources */,
			);
			runOnlyForDeploymentPostprocessing = 0;
		};
/* End PBXSourcesBuildPhase section */

/* Begin PBXVariantGroup section */
		CCF170D91CD18FBB006AE9B5 /* LaunchScreen.storyboard */ = {
			isa = PBXVariantGroup;
			children = (
				CCF170DA1CD18FBB006AE9B5 /* Base */,
			);
			name = LaunchScreen.storyboard;
			sourceTree = "<group>";
		};
/* End PBXVariantGroup section */

/* Begin XCBuildConfiguration section */
		CCF170DD1CD18FBB006AE9B5 /* Debug */ = {
			isa = XCBuildConfiguration;
			buildSettings = {
				ALWAYS_SEARCH_USER_PATHS = NO;
				CLANG_CXX_LANGUAGE_STANDARD = "gnu++0x";
				CLANG_CXX_LIBRARY = "libc++";
				CLANG_ENABLE_MODULES = YES;
				CLANG_ENABLE_OBJC_ARC = YES;
				CLANG_WARN_BOOL_CONVERSION = YES;
				CLANG_WARN_CONSTANT_CONVERSION = YES;
				CLANG_WARN_DIRECT_OBJC_ISA_USAGE = YES_ERROR;
				CLANG_WARN_EMPTY_BODY = YES;
				CLANG_WARN_ENUM_CONVERSION = YES;
				CLANG_WARN_INT_CONVERSION = YES;
				CLANG_WARN_OBJC_ROOT_CLASS = YES_ERROR;
				CLANG_WARN_UNREACHABLE_CODE = YES;
				CLANG_WARN__DUPLICATE_METHOD_MATCH = YES;
				"CODE_SIGN_IDENTITY[sdk=iphoneos*]" = "iPhone Developer";
				COPY_PHASE_STRIP = NO;
				DEBUG_INFORMATION_FORMAT = dwarf;
				ENABLE_STRICT_OBJC_MSGSEND = YES;
				ENABLE_TESTABILITY = YES;
				GCC_C_LANGUAGE_STANDARD = gnu99;
				GCC_DYNAMIC_NO_PIC = NO;
				GCC_NO_COMMON_BLOCKS = YES;
				GCC_OPTIMIZATION_LEVEL = 0;
				GCC_PREPROCESSOR_DEFINITIONS = (
					"DEBUG=1",
					"$(inherited)",
				);
				GCC_WARN_64_TO_32_BIT_CONVERSION = YES;
				GCC_WARN_ABOUT_RETURN_TYPE = YES_ERROR;
				GCC_WARN_UNDECLARED_SELECTOR = YES;
				GCC_WARN_UNINITIALIZED_AUTOS = YES_AGGRESSIVE;
				GCC_WARN_UNUSED_FUNCTION = YES;
				GCC_WARN_UNUSED_VARIABLE = YES;
				IPHONEOS_DEPLOYMENT_TARGET = 9.2;
				MTL_ENABLE_DEBUG_INFO = YES;
				ONLY_ACTIVE_ARCH = YES;
				SDKROOT = iphoneos;
				SWIFT_OPTIMIZATION_LEVEL = "-Onone";
			};
			name = Debug;
		};
		CCF170DE1CD18FBB006AE9B5 /* Release */ = {
			isa = XCBuildConfiguration;
			buildSettings = {
				ALWAYS_SEARCH_USER_PATHS = NO;
				CLANG_CXX_LANGUAGE_STANDARD = "gnu++0x";
				CLANG_CXX_LIBRARY = "libc++";
				CLANG_ENABLE_MODULES = YES;
				CLANG_ENABLE_OBJC_ARC = YES;
				CLANG_WARN_BOOL_CONVERSION = YES;
				CLANG_WARN_CONSTANT_CONVERSION = YES;
				CLANG_WARN_DIRECT_OBJC_ISA_USAGE = YES_ERROR;
				CLANG_WARN_EMPTY_BODY = YES;
				CLANG_WARN_ENUM_CONVERSION = YES;
				CLANG_WARN_INT_CONVERSION = YES;
				CLANG_WARN_OBJC_ROOT_CLASS = YES_ERROR;
				CLANG_WARN_UNREACHABLE_CODE = YES;
				CLANG_WARN__DUPLICATE_METHOD_MATCH = YES;
				"CODE_SIGN_IDENTITY[sdk=iphoneos*]" = "iPhone Developer";
				COPY_PHASE_STRIP = NO;
				DEBUG_INFORMATION_FORMAT = "dwarf-with-dsym";
				ENABLE_NS_ASSERTIONS = NO;
				ENABLE_STRICT_OBJC_MSGSEND = YES;
				GCC_C_LANGUAGE_STANDARD = gnu99;
				GCC_NO_COMMON_BLOCKS = YES;
				GCC_WARN_64_TO_32_BIT_CONVERSION = YES;
				GCC_WARN_ABOUT_RETURN_TYPE = YES_ERROR;
				GCC_WARN_UNDECLARED_SELECTOR = YES;
				GCC_WARN_UNINITIALIZED_AUTOS = YES_AGGRESSIVE;
				GCC_WARN_UNUSED_FUNCTION = YES;
				GCC_WARN_UNUSED_VARIABLE = YES;
				IPHONEOS_DEPLOYMENT_TARGET = 9.2;
				MTL_ENABLE_DEBUG_INFO = NO;
				SDKROOT = iphoneos;
				VALIDATE_PRODUCT = YES;
			};
			name = Release;
		};
		CCF170E01CD18FBB006AE9B5 /* Debug */ = {
			isa = XCBuildConfiguration;
			baseConfigurationReference = 3B23EFCF586C6F6273752BDF /* Pods.debug.xcconfig */;
			buildSettings = {
				ASSETCATALOG_COMPILER_APPICON_NAME = AppIcon;
				INFOPLIST_FILE = ASDKBaselineIssueDemo/Info.plist;
				LD_RUNPATH_SEARCH_PATHS = "$(inherited) @executable_path/Frameworks";
				PRODUCT_BUNDLE_IDENTIFIER = adlai.ASDKBaselineIssueDemo;
				PRODUCT_NAME = "$(TARGET_NAME)";
			};
			name = Debug;
		};
		CCF170E11CD18FBB006AE9B5 /* Release */ = {
			isa = XCBuildConfiguration;
			baseConfigurationReference = 6D1C60BACE2DDC080981EB21 /* Pods.release.xcconfig */;
			buildSettings = {
				ASSETCATALOG_COMPILER_APPICON_NAME = AppIcon;
				INFOPLIST_FILE = ASDKBaselineIssueDemo/Info.plist;
				LD_RUNPATH_SEARCH_PATHS = "$(inherited) @executable_path/Frameworks";
				PRODUCT_BUNDLE_IDENTIFIER = adlai.ASDKBaselineIssueDemo;
				PRODUCT_NAME = "$(TARGET_NAME)";
			};
			name = Release;
		};
/* End XCBuildConfiguration section */

/* Begin XCConfigurationList section */
		CCF170C81CD18FBB006AE9B5 /* Build configuration list for PBXProject "ASDKBaselineIssueDemo" */ = {
			isa = XCConfigurationList;
			buildConfigurations = (
				CCF170DD1CD18FBB006AE9B5 /* Debug */,
				CCF170DE1CD18FBB006AE9B5 /* Release */,
			);
			defaultConfigurationIsVisible = 0;
			defaultConfigurationName = Release;
		};
		CCF170DF1CD18FBB006AE9B5 /* Build configuration list for PBXNativeTarget "ASDKBaselineIssueDemo" */ = {
			isa = XCConfigurationList;
			buildConfigurations = (
				CCF170E01CD18FBB006AE9B5 /* Debug */,
				CCF170E11CD18FBB006AE9B5 /* Release */,
			);
			defaultConfigurationIsVisible = 0;
			defaultConfigurationName = Release;
		};
/* End XCConfigurationList section */
	};
	rootObject = CCF170C51CD18FBB006AE9B5 /* Project object */;
}
